# This file is automatically @generated by Cargo.
# It is not intended for manual editing.
version = 4

[[package]]
name = "eltk"
version = "0.0.0"
dependencies = [
 "eltk-core",
]

[[package]]
name = "eltk-adapters"
version = "0.0.0"
dependencies = [
 "eltk-core",
]

[[package]]
name = "eltk-collector"
version = "0.0.0"
dependencies = [
 "eltk-adapters",
 "eltk-core",
 "eltk-store",
]

[[package]]
name = "eltk-core"
version = "0.0.0"

[[package]]
name = "eltk-reporter"
version = "0.0.0"
dependencies = [
 "eltk-core",
 "eltk-store",
]

[[package]]
name = "eltk-server"
version = "0.0.0"
dependencies = [
 "eltk-core",
]

[[package]]
name = "eltk-store"
version = "0.0.0"
dependencies = [
 "eltk-core",
]
